
Microsoft Visual Studio Solution File, Format Version 10.00
# Visual Studio 2008
Project("{8BC9CEB8-8B4A-11D0-8D11-00A0C91BC942}") = "Resources_CN", "Resources_CN.vcproj", "{F8D07BBB-A04B-4C0C-8AF8-7F839A152456}"
EndProject
Global
	GlobalSection(SolutionConfigurationPlatforms) = preSolution
		Debug|Win32 = Debug|Win32
		Release|Win32 = Release|Win32
	EndGlobalSection
	GlobalSection(ProjectConfigurationPlatforms) = postSolution
		{F8D07BBB-A04B-4C0C-8AF8-7F839A152456}.Debug|Win32.ActiveCfg = Debug|Win32
		{F8D07BBB-A04B-4C0C-8AF8-7F839A152456}.Debug|Win32.Build.0 = Debug|Win32
		{F8D07BBB-A04B-4C0C-8AF8-7F839A152456}.Release|Win32.ActiveCfg = Release|Win32
		{F8D07BBB-A04B-4C0C-8AF8-7F839A152456}.Release|Win32.Build.0 = Release|Win32
	EndGlobalSection
	GlobalSection(SolutionProperties) = preSolution
		HideSolutionNode = FALSE
	EndGlobalSection
EndGlobal
